
Microsoft Visual Studio Solution File, Format Version 12.00
# Visual Studio Version 17
VisualStudioVersion = 17.14.36705.20 d17.14
MinimumVisualStudioVersion = 10.0.40219.1
Project("{FAE04EC0-301F-11D3-BF4B-00C04F79EFBC}") = "Probe-Klausur", "Probe-Klausur\Probe-Klausur.csproj", "{87BBDA20-C652-41D5-8E76-D7C5BD310C40}"
EndProject
Global
	GlobalSection(SolutionConfigurationPlatforms) = preSolution
		Debug|Any CPU = Debug|Any CPU
		Release|Any CPU = Release|Any CPU
	EndGlobalSection
	GlobalSection(ProjectConfigurationPlatforms) = postSolution
		{87BBDA20-C652-41D5-8E76-D7C5BD310C40}.Debug|Any CPU.ActiveCfg = Debug|Any CPU
		{87BBDA20-C652-41D5-8E76-D7C5BD310C40}.Debug|Any CPU.Build.0 = Debug|Any CPU
		{87BBDA20-C652-41D5-8E76-D7C5BD310C40}.Release|Any CPU.ActiveCfg = Release|Any CPU
		{87BBDA20-C652-41D5-8E76-D7C5BD310C40}.Release|Any CPU.Build.0 = Release|Any CPU
	EndGlobalSection
	GlobalSection(SolutionProperties) = preSolution
		HideSolutionNode = FALSE
	EndGlobalSection
	GlobalSection(ExtensibilityGlobals) = postSolution
		SolutionGuid = {C50E39C5-F8E3-4C56-AA16-5961DC7268D6}
	EndGlobalSection
EndGlobal
